
Microsoft Visual Studio Solution File, Format Version 12.00
# Visual Studio Version 17
VisualStudioVersion = 17.14.36301.6
MinimumVisualStudioVersion = 10.0.40219.1
Project("{FAE04EC0-301F-11D3-BF4B-00C04F79EFBC}") = "Garaza", "Garaza\Garaza.csproj", "{B18F489E-973B-4221-B164-45700FBF4562}"
EndProject
Project("{FAE04EC0-301F-11D3-BF4B-00C04F79EFBC}") = "Automobil", "Automobil\Automobil.csproj", "{5EA49E71-1C00-4DC9-96D6-7D5CF46AFDB5}"
EndProject
Project("{FAE04EC0-301F-11D3-BF4B-00C04F79EFBC}") = "DirekcijaTrke", "DirekcijaTrke\DirekcijaTrke.csproj", "{3E2EE42D-6EFC-44C8-94ED-E0B6D8CF6634}"
EndProject
Global
	GlobalSection(SolutionConfigurationPlatforms) = preSolution
		Debug|Any CPU = Debug|Any CPU
		Release|Any CPU = Release|Any CPU
	EndGlobalSection
	GlobalSection(ProjectConfigurationPlatforms) = postSolution
		{B18F489E-973B-4221-B164-45700FBF4562}.Debug|Any CPU.ActiveCfg = Debug|Any CPU
		{B18F489E-973B-4221-B164-45700FBF4562}.Debug|Any CPU.Build.0 = Debug|Any CPU
		{B18F489E-973B-4221-B164-45700FBF4562}.Release|Any CPU.ActiveCfg = Release|Any CPU
		{B18F489E-973B-4221-B164-45700FBF4562}.Release|Any CPU.Build.0 = Release|Any CPU
		{5EA49E71-1C00-4DC9-96D6-7D5CF46AFDB5}.Debug|Any CPU.ActiveCfg = Debug|Any CPU
		{5EA49E71-1C00-4DC9-96D6-7D5CF46AFDB5}.Debug|Any CPU.Build.0 = Debug|Any CPU
		{5EA49E71-1C00-4DC9-96D6-7D5CF46AFDB5}.Release|Any CPU.ActiveCfg = Release|Any CPU
		{5EA49E71-1C00-4DC9-96D6-7D5CF46AFDB5}.Release|Any CPU.Build.0 = Release|Any CPU
		{3E2EE42D-6EFC-44C8-94ED-E0B6D8CF6634}.Debug|Any CPU.ActiveCfg = Debug|Any CPU
		{3E2EE42D-6EFC-44C8-94ED-E0B6D8CF6634}.Debug|Any CPU.Build.0 = Debug|Any CPU
		{3E2EE42D-6EFC-44C8-94ED-E0B6D8CF6634}.Release|Any CPU.ActiveCfg = Release|Any CPU
		{3E2EE42D-6EFC-44C8-94ED-E0B6D8CF6634}.Release|Any CPU.Build.0 = Release|Any CPU
	EndGlobalSection
	GlobalSection(SolutionProperties) = preSolution
		HideSolutionNode = FALSE
	EndGlobalSection
	GlobalSection(ExtensibilityGlobals) = postSolution
		SolutionGuid = {23AC8F9B-EF0B-4777-9902-1C78250D9D8D}
	EndGlobalSection
EndGlobal
